
Microsoft Visual Studio Solution File, Format Version 12.00
# Visual Studio Version 17
VisualStudioVersion = 17.3.32825.248
MinimumVisualStudioVersion = 10.0.40219.1
Project("{FAE04EC0-301F-11D3-BF4B-00C04F79EFBC}") = "01", "01\01.csproj", "{F1C140D6-391C-43A9-857D-E0BF900A1536}"
EndProject
Project("{FAE04EC0-301F-11D3-BF4B-00C04F79EFBC}") = "02", "02\02.csproj", "{D484F146-AC40-4C36-AB8D-7392CA2A681D}"
EndProject
Project("{FAE04EC0-301F-11D3-BF4B-00C04F79EFBC}") = "03", "03\03.csproj", "{39665E93-BEAC-4DDA-B3C1-BD4A8CAE0B4E}"
EndProject
Project("{FAE04EC0-301F-11D3-BF4B-00C04F79EFBC}") = "04", "04\04.csproj", "{6E9788F5-48C1-490A-B7EC-9FDFCECAFD5A}"
EndProject
Project("{FAE04EC0-301F-11D3-BF4B-00C04F79EFBC}") = "05", "05\05.csproj", "{72A9B39A-775E-492F-805B-AB4C162EB627}"
EndProject
Global
	GlobalSection(SolutionConfigurationPlatforms) = preSolution
		Debug|Any CPU = Debug|Any CPU
		Release|Any CPU = Release|Any CPU
	EndGlobalSection
	GlobalSection(ProjectConfigurationPlatforms) = postSolution
		{F1C140D6-391C-43A9-857D-E0BF900A1536}.Debug|Any CPU.ActiveCfg = Debug|Any CPU
		{F1C140D6-391C-43A9-857D-E0BF900A1536}.Debug|Any CPU.Build.0 = Debug|Any CPU
		{F1C140D6-391C-43A9-857D-E0BF900A1536}.Release|Any CPU.ActiveCfg = Release|Any CPU
		{F1C140D6-391C-43A9-857D-E0BF900A1536}.Release|Any CPU.Build.0 = Release|Any CPU
		{D484F146-AC40-4C36-AB8D-7392CA2A681D}.Debug|Any CPU.ActiveCfg = Debug|Any CPU
		{D484F146-AC40-4C36-AB8D-7392CA2A681D}.Debug|Any CPU.Build.0 = Debug|Any CPU
		{D484F146-AC40-4C36-AB8D-7392CA2A681D}.Release|Any CPU.ActiveCfg = Release|Any CPU
		{D484F146-AC40-4C36-AB8D-7392CA2A681D}.Release|Any CPU.Build.0 = Release|Any CPU
		{39665E93-BEAC-4DDA-B3C1-BD4A8CAE0B4E}.Debug|Any CPU.ActiveCfg = Debug|Any CPU
		{39665E93-BEAC-4DDA-B3C1-BD4A8CAE0B4E}.Debug|Any CPU.Build.0 = Debug|Any CPU
		{39665E93-BEAC-4DDA-B3C1-BD4A8CAE0B4E}.Release|Any CPU.ActiveCfg = Release|Any CPU
		{39665E93-BEAC-4DDA-B3C1-BD4A8CAE0B4E}.Release|Any CPU.Build.0 = Release|Any CPU
		{6E9788F5-48C1-490A-B7EC-9FDFCECAFD5A}.Debug|Any CPU.ActiveCfg = Debug|Any CPU
		{6E9788F5-48C1-490A-B7EC-9FDFCECAFD5A}.Debug|Any CPU.Build.0 = Debug|Any CPU
		{6E9788F5-48C1-490A-B7EC-9FDFCECAFD5A}.Release|Any CPU.ActiveCfg = Release|Any CPU
		{6E9788F5-48C1-490A-B7EC-9FDFCECAFD5A}.Release|Any CPU.Build.0 = Release|Any CPU
		{72A9B39A-775E-492F-805B-AB4C162EB627}.Debug|Any CPU.ActiveCfg = Debug|Any CPU
		{72A9B39A-775E-492F-805B-AB4C162EB627}.Debug|Any CPU.Build.0 = Debug|Any CPU
		{72A9B39A-775E-492F-805B-AB4C162EB627}.Release|Any CPU.ActiveCfg = Release|Any CPU
		{72A9B39A-775E-492F-805B-AB4C162EB627}.Release|Any CPU.Build.0 = Release|Any CPU
	EndGlobalSection
	GlobalSection(SolutionProperties) = preSolution
		HideSolutionNode = FALSE
	EndGlobalSection
	GlobalSection(ExtensibilityGlobals) = postSolution
		SolutionGuid = {EFF03ED2-F2D6-4E19-A965-25F6ECC762D6}
	EndGlobalSection
EndGlobal
